
Microsoft Visual Studio Solution File, Format Version 12.00
# Visual Studio Version 17
VisualStudioVersion = 17.8.34330.188
MinimumVisualStudioVersion = 10.0.40219.1
Project("{FAE04EC0-301F-11D3-BF4B-00C04F79EFBC}") = "RestWithASPNETUdemy", "RestWithASPNETUdemy\RestWithASPNETUdemy.csproj", "{1F057905-D67B-487E-9898-C0B0D65A7391}"
EndProject
Global
	GlobalSection(SolutionConfigurationPlatforms) = preSolution
		Debug|Any CPU = Debug|Any CPU
		Release|Any CPU = Release|Any CPU
	EndGlobalSection
	GlobalSection(ProjectConfigurationPlatforms) = postSolution
		{1F057905-D67B-487E-9898-C0B0D65A7391}.Debug|Any CPU.ActiveCfg = Debug|Any CPU
		{1F057905-D67B-487E-9898-C0B0D65A7391}.Debug|Any CPU.Build.0 = Debug|Any CPU
		{1F057905-D67B-487E-9898-C0B0D65A7391}.Release|Any CPU.ActiveCfg = Release|Any CPU
		{1F057905-D67B-487E-9898-C0B0D65A7391}.Release|Any CPU.Build.0 = Release|Any CPU
	EndGlobalSection
	GlobalSection(SolutionProperties) = preSolution
		HideSolutionNode = FALSE
	EndGlobalSection
	GlobalSection(ExtensibilityGlobals) = postSolution
		SolutionGuid = {5DDF9C64-8723-4AD3-A432-E714221A9C6A}
	EndGlobalSection
EndGlobal
